
Microsoft Visual Studio Solution File, Format Version 12.00
# Visual Studio Version 16
VisualStudioVersion = 16.0.31515.178
MinimumVisualStudioVersion = 10.0.40219.1
Project("{FAE04EC0-301F-11D3-BF4B-00C04F79EFBC}") = "BankChallenge.API", "BankChallenge.API.csproj", "{A1FFA7C2-2E33-42A3-9A63-2766FF748CD4}"
EndProject
Project("{2150E333-8FDC-42A3-9474-1A3956D46DE8}") = "Solution Items", "Solution Items", "{CE1FC99C-52BB-4319-9F39-947A39A634FB}"
EndProject
Project("{2150E333-8FDC-42A3-9474-1A3956D46DE8}") = "src", "src", "{1C287652-B5BA-4FD1-8962-338BF0374EB5}"
EndProject
Project("{2150E333-8FDC-42A3-9474-1A3956D46DE8}") = "test", "test", "{F344C7ED-7241-45CE-9A9F-F0BA7714DBDD}"
EndProject
Global
	GlobalSection(SolutionConfigurationPlatforms) = preSolution
		Debug|Any CPU = Debug|Any CPU
		Release|Any CPU = Release|Any CPU
	EndGlobalSection
	GlobalSection(ProjectConfigurationPlatforms) = postSolution
		{A1FFA7C2-2E33-42A3-9A63-2766FF748CD4}.Debug|Any CPU.ActiveCfg = Debug|Any CPU
		{A1FFA7C2-2E33-42A3-9A63-2766FF748CD4}.Debug|Any CPU.Build.0 = Debug|Any CPU
		{A1FFA7C2-2E33-42A3-9A63-2766FF748CD4}.Release|Any CPU.ActiveCfg = Release|Any CPU
		{A1FFA7C2-2E33-42A3-9A63-2766FF748CD4}.Release|Any CPU.Build.0 = Release|Any CPU
	EndGlobalSection
	GlobalSection(SolutionProperties) = preSolution
		HideSolutionNode = FALSE
	EndGlobalSection
	GlobalSection(NestedProjects) = preSolution
		{A1FFA7C2-2E33-42A3-9A63-2766FF748CD4} = {1C287652-B5BA-4FD1-8962-338BF0374EB5}
	EndGlobalSection
	GlobalSection(ExtensibilityGlobals) = postSolution
		SolutionGuid = {A4662CAC-C4DC-4BDD-82C9-EF1BF98F35BD}
	EndGlobalSection
EndGlobal
